
Microsoft Visual Studio Solution File, Format Version 12.00
# Visual Studio Version 16
VisualStudioVersion = 16.0.28922.388
MinimumVisualStudioVersion = 10.0.40219.1
Project("{8BC9CEB8-8B4A-11D0-8D11-00A0C91BC942}") = "RowdenRender", "RowdenRender\RowdenRender.vcxproj", "{E2912EF4-FFA8-4FB3-B23D-EAD34108C36F}"
EndProject
Global
	GlobalSection(SolutionConfigurationPlatforms) = preSolution
		Debug|x64 = Debug|x64
		Debug|x86 = Debug|x86
		Release|x64 = Release|x64
		Release|x86 = Release|x86
	EndGlobalSection
	GlobalSection(ProjectConfigurationPlatforms) = postSolution
		{E2912EF4-FFA8-4FB3-B23D-EAD34108C36F}.Debug|x64.ActiveCfg = Debug|x64
		{E2912EF4-FFA8-4FB3-B23D-EAD34108C36F}.Debug|x64.Build.0 = Debug|x64
		{E2912EF4-FFA8-4FB3-B23D-EAD34108C36F}.Debug|x86.ActiveCfg = Debug|Win32
		{E2912EF4-FFA8-4FB3-B23D-EAD34108C36F}.Debug|x86.Build.0 = Debug|Win32
		{E2912EF4-FFA8-4FB3-B23D-EAD34108C36F}.Release|x64.ActiveCfg = Release|x64
		{E2912EF4-FFA8-4FB3-B23D-EAD34108C36F}.Release|x64.Build.0 = Release|x64
		{E2912EF4-FFA8-4FB3-B23D-EAD34108C36F}.Release|x86.ActiveCfg = Release|Win32
		{E2912EF4-FFA8-4FB3-B23D-EAD34108C36F}.Release|x86.Build.0 = Release|Win32
	EndGlobalSection
	GlobalSection(SolutionProperties) = preSolution
		HideSolutionNode = FALSE
	EndGlobalSection
	GlobalSection(ExtensibilityGlobals) = postSolution
		SolutionGuid = {4F43AD2C-B48E-46B1-973C-135987C3845B}
	EndGlobalSection
EndGlobal
